
Microsoft Visual Studio Solution File, Format Version 12.00
# Visual Studio 2012
Project("{FAE04EC0-301F-11D3-BF4B-00C04F79EFBC}") = "AStarTest", "AStarTest.csproj", "{7780AA39-EF69-4343-B023-AE335191AD17}"
EndProject
Project("{FAE04EC0-301F-11D3-BF4B-00C04F79EFBC}") = "Common", "..\..\Common\Common.csproj", "{37D55AC1-BDAE-4C0C-8856-8867FE772B2B}"
EndProject
Project("{FAE04EC0-301F-11D3-BF4B-00C04F79EFBC}") = "Client.Base", "..\..\Client\Base\Client.Base.csproj", "{1794F5B1-762E-40D2-A314-040487DEEFE2}"
EndProject
Project("{FAE04EC0-301F-11D3-BF4B-00C04F79EFBC}") = "MMLog", "..\..\MemoryMappedLog\MMLog\MMLog.csproj", "{CB9BE647-9B8B-44EF-8D68-01DCDCAA2AEE}"
EndProject
Project("{FAE04EC0-301F-11D3-BF4B-00C04F79EFBC}") = "TileControlCore", "..\..\Client\TileControlCore\TileControlCore.csproj", "{2DC159B4-2248-49B1-8665-210CDC0B6B09}"
EndProject
Project("{2150E333-8FDC-42A3-9474-1A3956D46DE8}") = ".nuget", ".nuget", "{788CEFEE-2C98-4DA8-805E-41996F1F0ADD}"
	ProjectSection(SolutionItems) = preProject
		.nuget\NuGet.Config = .nuget\NuGet.Config
		.nuget\NuGet.exe = .nuget\NuGet.exe
		.nuget\NuGet.targets = .nuget\NuGet.targets
	EndProjectSection
EndProject
Project("{FAE04EC0-301F-11D3-BF4B-00C04F79EFBC}") = "NetSerializer", "..\..\NetSerializer\NetSerializer\NetSerializer.csproj", "{85A11D07-8D18-42D5-ACCF-EF9744EFE825}"
EndProject
Global
	GlobalSection(SolutionConfigurationPlatforms) = preSolution
		Debug|Any CPU = Debug|Any CPU
		Release|Any CPU = Release|Any CPU
	EndGlobalSection
	GlobalSection(ProjectConfigurationPlatforms) = postSolution
		{7780AA39-EF69-4343-B023-AE335191AD17}.Debug|Any CPU.ActiveCfg = Debug|Any CPU
		{7780AA39-EF69-4343-B023-AE335191AD17}.Debug|Any CPU.Build.0 = Debug|Any CPU
		{7780AA39-EF69-4343-B023-AE335191AD17}.Release|Any CPU.ActiveCfg = Release|Any CPU
		{7780AA39-EF69-4343-B023-AE335191AD17}.Release|Any CPU.Build.0 = Release|Any CPU
		{37D55AC1-BDAE-4C0C-8856-8867FE772B2B}.Debug|Any CPU.ActiveCfg = Debug|Any CPU
		{37D55AC1-BDAE-4C0C-8856-8867FE772B2B}.Debug|Any CPU.Build.0 = Debug|Any CPU
		{37D55AC1-BDAE-4C0C-8856-8867FE772B2B}.Release|Any CPU.ActiveCfg = Release|Any CPU
		{37D55AC1-BDAE-4C0C-8856-8867FE772B2B}.Release|Any CPU.Build.0 = Release|Any CPU
		{1794F5B1-762E-40D2-A314-040487DEEFE2}.Debug|Any CPU.ActiveCfg = Debug|Any CPU
		{1794F5B1-762E-40D2-A314-040487DEEFE2}.Debug|Any CPU.Build.0 = Debug|Any CPU
		{1794F5B1-762E-40D2-A314-040487DEEFE2}.Release|Any CPU.ActiveCfg = Release|Any CPU
		{1794F5B1-762E-40D2-A314-040487DEEFE2}.Release|Any CPU.Build.0 = Release|Any CPU
		{CB9BE647-9B8B-44EF-8D68-01DCDCAA2AEE}.Debug|Any CPU.ActiveCfg = Debug|Any CPU
		{CB9BE647-9B8B-44EF-8D68-01DCDCAA2AEE}.Debug|Any CPU.Build.0 = Debug|Any CPU
		{CB9BE647-9B8B-44EF-8D68-01DCDCAA2AEE}.Release|Any CPU.ActiveCfg = Release|Any CPU
		{CB9BE647-9B8B-44EF-8D68-01DCDCAA2AEE}.Release|Any CPU.Build.0 = Release|Any CPU
		{2DC159B4-2248-49B1-8665-210CDC0B6B09}.Debug|Any CPU.ActiveCfg = Debug|Any CPU
		{2DC159B4-2248-49B1-8665-210CDC0B6B09}.Debug|Any CPU.Build.0 = Debug|Any CPU
		{2DC159B4-2248-49B1-8665-210CDC0B6B09}.Release|Any CPU.ActiveCfg = Release|Any CPU
		{2DC159B4-2248-49B1-8665-210CDC0B6B09}.Release|Any CPU.Build.0 = Release|Any CPU
		{85A11D07-8D18-42D5-ACCF-EF9744EFE825}.Debug|Any CPU.ActiveCfg = Debug|Any CPU
		{85A11D07-8D18-42D5-ACCF-EF9744EFE825}.Debug|Any CPU.Build.0 = Debug|Any CPU
		{85A11D07-8D18-42D5-ACCF-EF9744EFE825}.Release|Any CPU.ActiveCfg = Release|Any CPU
		{85A11D07-8D18-42D5-ACCF-EF9744EFE825}.Release|Any CPU.Build.0 = Release|Any CPU
	EndGlobalSection
	GlobalSection(SolutionProperties) = preSolution
		HideSolutionNode = FALSE
	EndGlobalSection
EndGlobal
