
Microsoft Visual Studio Solution File, Format Version 11.00
# Visual Studio 2010
Project("{FAE04EC0-301F-11D3-BF4B-00C04F79EFBC}") = "Common", "Common\Common.csproj", "{37D55AC1-BDAE-4C0C-8856-8867FE772B2B}"
EndProject
Project("{FAE04EC0-301F-11D3-BF4B-00C04F79EFBC}") = "MyArea", "MyArea\MyArea.csproj", "{EDBAD6B6-CDF0-4227-A7AF-63F91A3A7321}"
EndProject
Project("{2150E333-8FDC-42A3-9474-1A3956D46DE8}") = "Server", "Server", "{58D96D64-D599-4B4B-BED7-129EC9464D40}"
EndProject
Project("{2150E333-8FDC-42A3-9474-1A3956D46DE8}") = "Client", "Client", "{17998507-7BB4-45ED-ACA1-947F784C0C28}"
EndProject
Project("{2150E333-8FDC-42A3-9474-1A3956D46DE8}") = "Common", "Common", "{2929C4FB-1D13-4E62-BA80-357913ED629D}"
EndProject
Project("{2150E333-8FDC-42A3-9474-1A3956D46DE8}") = "Tests", "Tests", "{6C609D45-7538-4F02-9258-338C8FE815A9}"
EndProject
Project("{FAE04EC0-301F-11D3-BF4B-00C04F79EFBC}") = "AStarTest", "Tests\AStarTest\AStarTest.csproj", "{7780AA39-EF69-4343-B023-AE335191AD17}"
EndProject
Project("{FAE04EC0-301F-11D3-BF4B-00C04F79EFBC}") = "PerfTest", "Tests\PerfTest\PerfTest.csproj", "{7E9C7EB0-BE4C-486F-A46B-60225851D953}"
EndProject
Project("{FAE04EC0-301F-11D3-BF4B-00C04F79EFBC}") = "TerrainGenTest", "Tests\TerrainGenTest\TerrainGenTest.csproj", "{D5D4817A-C9B6-4B4A-ADAD-70D653B87EDC}"
EndProject
Project("{FAE04EC0-301F-11D3-BF4B-00C04F79EFBC}") = "WPFMapControlTest", "Tests\WPFMapControlTest\WPFMapControlTest.csproj", "{52C1CC46-CA65-432D-8568-C5AA6954EC59}"
EndProject
Project("{FAE04EC0-301F-11D3-BF4B-00C04F79EFBC}") = "NetTest", "Tests\NetTest\NetTest.csproj", "{645BB79A-BAB3-4A64-B20E-DFA8C9AEF942}"
EndProject
Project("{FAE04EC0-301F-11D3-BF4B-00C04F79EFBC}") = "MMLog", "MemoryMappedLog\MMLog\MMLog.csproj", "{CB9BE647-9B8B-44EF-8D68-01DCDCAA2AEE}"
EndProject
Project("{FAE04EC0-301F-11D3-BF4B-00C04F79EFBC}") = "WPFClient", "Client\WPFClient\WPFClient.csproj", "{1A669EF4-303D-40EE-8781-FE0C57A5DD49}"
EndProject
Project("{FAE04EC0-301F-11D3-BF4B-00C04F79EFBC}") = "Win32", "Client\Win32\Win32.csproj", "{20715EEB-6DF6-4A43-BF10-D7D0D4A39017}"
EndProject
Project("{FAE04EC0-301F-11D3-BF4B-00C04F79EFBC}") = "ServerBase", "Server\ServerBase\ServerBase.csproj", "{0C31C7C2-586F-4F67-8225-1C09E816695B}"
EndProject
Project("{FAE04EC0-301F-11D3-BF4B-00C04F79EFBC}") = "Server", "Server\Server\Server.csproj", "{FE74FE0D-25FB-4DE3-BCCF-7028C28C49A2}"
EndProject
Project("{FAE04EC0-301F-11D3-BF4B-00C04F79EFBC}") = "ColorTest", "Tests\ColorTest\ColorTest.csproj", "{47554E1B-1E1E-4E83-B96B-A60AD08A3603}"
EndProject
Project("{FAE04EC0-301F-11D3-BF4B-00C04F79EFBC}") = "NetSerializer", "..\NetSerializer\NetSerializer\NetSerializer.csproj", "{C61E5F15-CB1F-4BAE-B28D-EC01ED9EF681}"
EndProject
Project("{FAE04EC0-301F-11D3-BF4B-00C04F79EFBC}") = "TileControlD2D", "Client\TileControlD2D\TileControlD2D.csproj", "{FCF2DEE3-2DC4-4197-AB3F-8035DCEA26F1}"
EndProject
Project("{FAE04EC0-301F-11D3-BF4B-00C04F79EFBC}") = "TileControlD2DTest", "Tests\TileControlD2DTest\TileControlD2DTest.csproj", "{8FFBADB3-8073-417B-BDA9-5908FA8331DB}"
EndProject
Global
	GlobalSection(SolutionConfigurationPlatforms) = preSolution
		Debug|x64 = Debug|x64
		Debug|x86 = Debug|x86
		Release|x64 = Release|x64
		Release|x86 = Release|x86
	EndGlobalSection
	GlobalSection(ProjectConfigurationPlatforms) = postSolution
		{37D55AC1-BDAE-4C0C-8856-8867FE772B2B}.Debug|x64.ActiveCfg = Debug|x64
		{37D55AC1-BDAE-4C0C-8856-8867FE772B2B}.Debug|x64.Build.0 = Debug|x64
		{37D55AC1-BDAE-4C0C-8856-8867FE772B2B}.Debug|x86.ActiveCfg = Debug|x86
		{37D55AC1-BDAE-4C0C-8856-8867FE772B2B}.Debug|x86.Build.0 = Debug|x86
		{37D55AC1-BDAE-4C0C-8856-8867FE772B2B}.Release|x64.ActiveCfg = Release|x64
		{37D55AC1-BDAE-4C0C-8856-8867FE772B2B}.Release|x64.Build.0 = Release|x64
		{37D55AC1-BDAE-4C0C-8856-8867FE772B2B}.Release|x86.ActiveCfg = Release|x86
		{37D55AC1-BDAE-4C0C-8856-8867FE772B2B}.Release|x86.Build.0 = Release|x86
		{EDBAD6B6-CDF0-4227-A7AF-63F91A3A7321}.Debug|x64.ActiveCfg = Debug|x64
		{EDBAD6B6-CDF0-4227-A7AF-63F91A3A7321}.Debug|x64.Build.0 = Debug|x64
		{EDBAD6B6-CDF0-4227-A7AF-63F91A3A7321}.Debug|x86.ActiveCfg = Debug|x86
		{EDBAD6B6-CDF0-4227-A7AF-63F91A3A7321}.Debug|x86.Build.0 = Debug|x86
		{EDBAD6B6-CDF0-4227-A7AF-63F91A3A7321}.Release|x64.ActiveCfg = Release|x64
		{EDBAD6B6-CDF0-4227-A7AF-63F91A3A7321}.Release|x64.Build.0 = Release|x64
		{EDBAD6B6-CDF0-4227-A7AF-63F91A3A7321}.Release|x86.ActiveCfg = Release|x86
		{EDBAD6B6-CDF0-4227-A7AF-63F91A3A7321}.Release|x86.Build.0 = Release|x86
		{7780AA39-EF69-4343-B023-AE335191AD17}.Debug|x64.ActiveCfg = Debug|x64
		{7780AA39-EF69-4343-B023-AE335191AD17}.Debug|x86.ActiveCfg = Debug|x86
		{7780AA39-EF69-4343-B023-AE335191AD17}.Debug|x86.Build.0 = Debug|x86
		{7780AA39-EF69-4343-B023-AE335191AD17}.Release|x64.ActiveCfg = Release|x64
		{7780AA39-EF69-4343-B023-AE335191AD17}.Release|x86.ActiveCfg = Release|x86
		{7E9C7EB0-BE4C-486F-A46B-60225851D953}.Debug|x64.ActiveCfg = Debug|x64
		{7E9C7EB0-BE4C-486F-A46B-60225851D953}.Debug|x86.ActiveCfg = Debug|x86
		{7E9C7EB0-BE4C-486F-A46B-60225851D953}.Debug|x86.Build.0 = Debug|x86
		{7E9C7EB0-BE4C-486F-A46B-60225851D953}.Release|x64.ActiveCfg = Release|x64
		{7E9C7EB0-BE4C-486F-A46B-60225851D953}.Release|x86.ActiveCfg = Release|x86
		{D5D4817A-C9B6-4B4A-ADAD-70D653B87EDC}.Debug|x64.ActiveCfg = Debug|x64
		{D5D4817A-C9B6-4B4A-ADAD-70D653B87EDC}.Debug|x86.ActiveCfg = Debug|x86
		{D5D4817A-C9B6-4B4A-ADAD-70D653B87EDC}.Release|x64.ActiveCfg = Release|x64
		{D5D4817A-C9B6-4B4A-ADAD-70D653B87EDC}.Release|x86.ActiveCfg = Release|x86
		{52C1CC46-CA65-432D-8568-C5AA6954EC59}.Debug|x64.ActiveCfg = Debug|x64
		{52C1CC46-CA65-432D-8568-C5AA6954EC59}.Debug|x86.ActiveCfg = Debug|x86
		{52C1CC46-CA65-432D-8568-C5AA6954EC59}.Release|x64.ActiveCfg = Release|x64
		{52C1CC46-CA65-432D-8568-C5AA6954EC59}.Release|x86.ActiveCfg = Release|x86
		{645BB79A-BAB3-4A64-B20E-DFA8C9AEF942}.Debug|x64.ActiveCfg = Debug|x64
		{645BB79A-BAB3-4A64-B20E-DFA8C9AEF942}.Debug|x86.ActiveCfg = Debug|x86
		{645BB79A-BAB3-4A64-B20E-DFA8C9AEF942}.Debug|x86.Build.0 = Debug|x86
		{645BB79A-BAB3-4A64-B20E-DFA8C9AEF942}.Release|x64.ActiveCfg = Release|x64
		{645BB79A-BAB3-4A64-B20E-DFA8C9AEF942}.Release|x86.ActiveCfg = Release|x86
		{CB9BE647-9B8B-44EF-8D68-01DCDCAA2AEE}.Debug|x64.ActiveCfg = Debug|x64
		{CB9BE647-9B8B-44EF-8D68-01DCDCAA2AEE}.Debug|x64.Build.0 = Debug|x64
		{CB9BE647-9B8B-44EF-8D68-01DCDCAA2AEE}.Debug|x86.ActiveCfg = Debug|x86
		{CB9BE647-9B8B-44EF-8D68-01DCDCAA2AEE}.Debug|x86.Build.0 = Debug|x86
		{CB9BE647-9B8B-44EF-8D68-01DCDCAA2AEE}.Release|x64.ActiveCfg = Release|x64
		{CB9BE647-9B8B-44EF-8D68-01DCDCAA2AEE}.Release|x64.Build.0 = Release|x64
		{CB9BE647-9B8B-44EF-8D68-01DCDCAA2AEE}.Release|x86.ActiveCfg = Release|x86
		{CB9BE647-9B8B-44EF-8D68-01DCDCAA2AEE}.Release|x86.Build.0 = Release|x86
		{1A669EF4-303D-40EE-8781-FE0C57A5DD49}.Debug|x64.ActiveCfg = Debug|x64
		{1A669EF4-303D-40EE-8781-FE0C57A5DD49}.Debug|x64.Build.0 = Debug|x64
		{1A669EF4-303D-40EE-8781-FE0C57A5DD49}.Debug|x86.ActiveCfg = Debug|x86
		{1A669EF4-303D-40EE-8781-FE0C57A5DD49}.Debug|x86.Build.0 = Debug|x86
		{1A669EF4-303D-40EE-8781-FE0C57A5DD49}.Release|x64.ActiveCfg = Release|x64
		{1A669EF4-303D-40EE-8781-FE0C57A5DD49}.Release|x64.Build.0 = Release|x64
		{1A669EF4-303D-40EE-8781-FE0C57A5DD49}.Release|x86.ActiveCfg = Release|x86
		{1A669EF4-303D-40EE-8781-FE0C57A5DD49}.Release|x86.Build.0 = Release|x86
		{20715EEB-6DF6-4A43-BF10-D7D0D4A39017}.Debug|x64.ActiveCfg = Debug|x64
		{20715EEB-6DF6-4A43-BF10-D7D0D4A39017}.Debug|x64.Build.0 = Debug|x64
		{20715EEB-6DF6-4A43-BF10-D7D0D4A39017}.Debug|x86.ActiveCfg = Debug|x86
		{20715EEB-6DF6-4A43-BF10-D7D0D4A39017}.Debug|x86.Build.0 = Debug|x86
		{20715EEB-6DF6-4A43-BF10-D7D0D4A39017}.Release|x64.ActiveCfg = Release|x64
		{20715EEB-6DF6-4A43-BF10-D7D0D4A39017}.Release|x64.Build.0 = Release|x64
		{20715EEB-6DF6-4A43-BF10-D7D0D4A39017}.Release|x86.ActiveCfg = Release|x86
		{20715EEB-6DF6-4A43-BF10-D7D0D4A39017}.Release|x86.Build.0 = Release|x86
		{0C31C7C2-586F-4F67-8225-1C09E816695B}.Debug|x64.ActiveCfg = Debug|x64
		{0C31C7C2-586F-4F67-8225-1C09E816695B}.Debug|x64.Build.0 = Debug|x64
		{0C31C7C2-586F-4F67-8225-1C09E816695B}.Debug|x86.ActiveCfg = Debug|x86
		{0C31C7C2-586F-4F67-8225-1C09E816695B}.Debug|x86.Build.0 = Debug|x86
		{0C31C7C2-586F-4F67-8225-1C09E816695B}.Release|x64.ActiveCfg = Release|x64
		{0C31C7C2-586F-4F67-8225-1C09E816695B}.Release|x64.Build.0 = Release|x64
		{0C31C7C2-586F-4F67-8225-1C09E816695B}.Release|x86.ActiveCfg = Release|x86
		{0C31C7C2-586F-4F67-8225-1C09E816695B}.Release|x86.Build.0 = Release|x86
		{FE74FE0D-25FB-4DE3-BCCF-7028C28C49A2}.Debug|x64.ActiveCfg = Debug|x64
		{FE74FE0D-25FB-4DE3-BCCF-7028C28C49A2}.Debug|x64.Build.0 = Debug|x64
		{FE74FE0D-25FB-4DE3-BCCF-7028C28C49A2}.Debug|x86.ActiveCfg = Debug|x86
		{FE74FE0D-25FB-4DE3-BCCF-7028C28C49A2}.Debug|x86.Build.0 = Debug|x86
		{FE74FE0D-25FB-4DE3-BCCF-7028C28C49A2}.Release|x64.ActiveCfg = Release|x64
		{FE74FE0D-25FB-4DE3-BCCF-7028C28C49A2}.Release|x64.Build.0 = Release|x64
		{FE74FE0D-25FB-4DE3-BCCF-7028C28C49A2}.Release|x86.ActiveCfg = Release|x86
		{FE74FE0D-25FB-4DE3-BCCF-7028C28C49A2}.Release|x86.Build.0 = Release|x86
		{47554E1B-1E1E-4E83-B96B-A60AD08A3603}.Debug|x64.ActiveCfg = Debug|x64
		{47554E1B-1E1E-4E83-B96B-A60AD08A3603}.Debug|x64.Build.0 = Debug|x64
		{47554E1B-1E1E-4E83-B96B-A60AD08A3603}.Debug|x86.ActiveCfg = Debug|x86
		{47554E1B-1E1E-4E83-B96B-A60AD08A3603}.Debug|x86.Build.0 = Debug|x86
		{47554E1B-1E1E-4E83-B96B-A60AD08A3603}.Release|x64.ActiveCfg = Release|x64
		{47554E1B-1E1E-4E83-B96B-A60AD08A3603}.Release|x64.Build.0 = Release|x64
		{47554E1B-1E1E-4E83-B96B-A60AD08A3603}.Release|x86.ActiveCfg = Release|x86
		{C61E5F15-CB1F-4BAE-B28D-EC01ED9EF681}.Debug|x64.ActiveCfg = Debug|x64
		{C61E5F15-CB1F-4BAE-B28D-EC01ED9EF681}.Debug|x64.Build.0 = Debug|x64
		{C61E5F15-CB1F-4BAE-B28D-EC01ED9EF681}.Debug|x86.ActiveCfg = Debug|x86
		{C61E5F15-CB1F-4BAE-B28D-EC01ED9EF681}.Debug|x86.Build.0 = Debug|x86
		{C61E5F15-CB1F-4BAE-B28D-EC01ED9EF681}.Release|x64.ActiveCfg = Release|x64
		{C61E5F15-CB1F-4BAE-B28D-EC01ED9EF681}.Release|x64.Build.0 = Release|x64
		{C61E5F15-CB1F-4BAE-B28D-EC01ED9EF681}.Release|x86.ActiveCfg = Release|x86
		{C61E5F15-CB1F-4BAE-B28D-EC01ED9EF681}.Release|x86.Build.0 = Release|x86
		{FCF2DEE3-2DC4-4197-AB3F-8035DCEA26F1}.Debug|x64.ActiveCfg = Debug|x64
		{FCF2DEE3-2DC4-4197-AB3F-8035DCEA26F1}.Debug|x64.Build.0 = Debug|x64
		{FCF2DEE3-2DC4-4197-AB3F-8035DCEA26F1}.Debug|x86.ActiveCfg = Debug|x86
		{FCF2DEE3-2DC4-4197-AB3F-8035DCEA26F1}.Debug|x86.Build.0 = Debug|x86
		{FCF2DEE3-2DC4-4197-AB3F-8035DCEA26F1}.Release|x64.ActiveCfg = Release|x64
		{FCF2DEE3-2DC4-4197-AB3F-8035DCEA26F1}.Release|x64.Build.0 = Release|x64
		{FCF2DEE3-2DC4-4197-AB3F-8035DCEA26F1}.Release|x86.ActiveCfg = Release|x86
		{FCF2DEE3-2DC4-4197-AB3F-8035DCEA26F1}.Release|x86.Build.0 = Release|x86
		{8FFBADB3-8073-417B-BDA9-5908FA8331DB}.Debug|x64.ActiveCfg = Debug|x64
		{8FFBADB3-8073-417B-BDA9-5908FA8331DB}.Debug|x64.Build.0 = Debug|x64
		{8FFBADB3-8073-417B-BDA9-5908FA8331DB}.Debug|x86.ActiveCfg = Debug|x86
		{8FFBADB3-8073-417B-BDA9-5908FA8331DB}.Debug|x86.Build.0 = Debug|x86
		{8FFBADB3-8073-417B-BDA9-5908FA8331DB}.Release|x64.ActiveCfg = Release|x64
		{8FFBADB3-8073-417B-BDA9-5908FA8331DB}.Release|x86.ActiveCfg = Release|x86
		{8FFBADB3-8073-417B-BDA9-5908FA8331DB}.Release|x86.Build.0 = Release|x86
	EndGlobalSection
	GlobalSection(SolutionProperties) = preSolution
		HideSolutionNode = FALSE
	EndGlobalSection
	GlobalSection(NestedProjects) = preSolution
		{37D55AC1-BDAE-4C0C-8856-8867FE772B2B} = {2929C4FB-1D13-4E62-BA80-357913ED629D}
		{EDBAD6B6-CDF0-4227-A7AF-63F91A3A7321} = {58D96D64-D599-4B4B-BED7-129EC9464D40}
		{0C31C7C2-586F-4F67-8225-1C09E816695B} = {58D96D64-D599-4B4B-BED7-129EC9464D40}
		{FE74FE0D-25FB-4DE3-BCCF-7028C28C49A2} = {58D96D64-D599-4B4B-BED7-129EC9464D40}
		{1A669EF4-303D-40EE-8781-FE0C57A5DD49} = {17998507-7BB4-45ED-ACA1-947F784C0C28}
		{20715EEB-6DF6-4A43-BF10-D7D0D4A39017} = {17998507-7BB4-45ED-ACA1-947F784C0C28}
		{FCF2DEE3-2DC4-4197-AB3F-8035DCEA26F1} = {17998507-7BB4-45ED-ACA1-947F784C0C28}
		{7780AA39-EF69-4343-B023-AE335191AD17} = {6C609D45-7538-4F02-9258-338C8FE815A9}
		{7E9C7EB0-BE4C-486F-A46B-60225851D953} = {6C609D45-7538-4F02-9258-338C8FE815A9}
		{D5D4817A-C9B6-4B4A-ADAD-70D653B87EDC} = {6C609D45-7538-4F02-9258-338C8FE815A9}
		{52C1CC46-CA65-432D-8568-C5AA6954EC59} = {6C609D45-7538-4F02-9258-338C8FE815A9}
		{645BB79A-BAB3-4A64-B20E-DFA8C9AEF942} = {6C609D45-7538-4F02-9258-338C8FE815A9}
		{47554E1B-1E1E-4E83-B96B-A60AD08A3603} = {6C609D45-7538-4F02-9258-338C8FE815A9}
		{8FFBADB3-8073-417B-BDA9-5908FA8331DB} = {6C609D45-7538-4F02-9258-338C8FE815A9}
	EndGlobalSection
EndGlobal
