
Microsoft Visual Studio Solution File, Format Version 11.00
# Visual Studio 2010
Project("{FAE04EC0-301F-11D3-BF4B-00C04F79EFBC}") = "Common", "Common\Common.csproj", "{37D55AC1-BDAE-4C0C-8856-8867FE772B2B}"
EndProject
Project("{FAE04EC0-301F-11D3-BF4B-00C04F79EFBC}") = "MyArea", "MyArea\MyArea.csproj", "{EDBAD6B6-CDF0-4227-A7AF-63F91A3A7321}"
EndProject
Project("{2150E333-8FDC-42A3-9474-1A3956D46DE8}") = "Server", "Server", "{58D96D64-D599-4B4B-BED7-129EC9464D40}"
EndProject
Project("{2150E333-8FDC-42A3-9474-1A3956D46DE8}") = "Client", "Client", "{17998507-7BB4-45ED-ACA1-947F784C0C28}"
EndProject
Project("{2150E333-8FDC-42A3-9474-1A3956D46DE8}") = "Common", "Common", "{2929C4FB-1D13-4E62-BA80-357913ED629D}"
EndProject
Project("{FAE04EC0-301F-11D3-BF4B-00C04F79EFBC}") = "MMLog", "MemoryMappedLog\MMLog\MMLog.csproj", "{CB9BE647-9B8B-44EF-8D68-01DCDCAA2AEE}"
EndProject
Project("{FAE04EC0-301F-11D3-BF4B-00C04F79EFBC}") = "Win32", "Client\Win32\Win32.csproj", "{20715EEB-6DF6-4A43-BF10-D7D0D4A39017}"
EndProject
Project("{FAE04EC0-301F-11D3-BF4B-00C04F79EFBC}") = "Server", "Server\Server\Server.csproj", "{FE74FE0D-25FB-4DE3-BCCF-7028C28C49A2}"
EndProject
Project("{FAE04EC0-301F-11D3-BF4B-00C04F79EFBC}") = "NetSerializer", "NetSerializer\NetSerializer\NetSerializer.csproj", "{C61E5F15-CB1F-4BAE-B28D-EC01ED9EF681}"
EndProject
Project("{FAE04EC0-301F-11D3-BF4B-00C04F79EFBC}") = "TileControlBase", "Client\TileControlBase\TileControlBase.csproj", "{DFB171DC-7857-4172-A458-95A251AEAB21}"
EndProject
Project("{FAE04EC0-301F-11D3-BF4B-00C04F79EFBC}") = "TileControlD3D", "Client\TileControlD3D\TileControlD3D.csproj", "{EFD53C89-AC2A-4111-A32A-C49C9B5B0A48}"
EndProject
Project("{2150E333-8FDC-42A3-9474-1A3956D46DE8}") = "Tests", "Tests", "{0CA08B3B-E1FA-4CE2-9B4F-2CA2C27CC2A8}"
EndProject
Project("{FAE04EC0-301F-11D3-BF4B-00C04F79EFBC}") = "Server.Engine", "Server\Engine\Server.Engine.csproj", "{BCAE564B-8D06-4D7F-866E-EF9E10B27FE0}"
EndProject
Project("{FAE04EC0-301F-11D3-BF4B-00C04F79EFBC}") = "Server.World", "Server\World\Server.World.csproj", "{0C31C7C2-586F-4F67-8225-1C09E816695B}"
EndProject
Project("{FAE04EC0-301F-11D3-BF4B-00C04F79EFBC}") = "TileControlWPF", "Client\TileControlWPF\TileControlWPF.csproj", "{D93CC3AE-060C-4095-94EA-1944A916547E}"
EndProject
Project("{FAE04EC0-301F-11D3-BF4B-00C04F79EFBC}") = "PerfTest", "Tests\PerfTest\PerfTest.csproj", "{7E9C7EB0-BE4C-486F-A46B-60225851D953}"
EndProject
Project("{FAE04EC0-301F-11D3-BF4B-00C04F79EFBC}") = "ArenaArea", "ArenaArea\ArenaArea.csproj", "{EB999655-75E6-4C02-B3A3-B45DDF7260A6}"
EndProject
Project("{FAE04EC0-301F-11D3-BF4B-00C04F79EFBC}") = "Client.Base", "Client\Base\Client.Base.csproj", "{1794F5B1-762E-40D2-A314-040487DEEFE2}"
EndProject
Project("{FAE04EC0-301F-11D3-BF4B-00C04F79EFBC}") = "Client", "Client\Client\Client.csproj", "{1A669EF4-303D-40EE-8781-FE0C57A5DD49}"
EndProject
Global
	GlobalSection(SolutionConfigurationPlatforms) = preSolution
		Debug|Any CPU = Debug|Any CPU
		Release|Any CPU = Release|Any CPU
	EndGlobalSection
	GlobalSection(ProjectConfigurationPlatforms) = postSolution
		{37D55AC1-BDAE-4C0C-8856-8867FE772B2B}.Debug|Any CPU.ActiveCfg = Debug|Any CPU
		{37D55AC1-BDAE-4C0C-8856-8867FE772B2B}.Debug|Any CPU.Build.0 = Debug|Any CPU
		{37D55AC1-BDAE-4C0C-8856-8867FE772B2B}.Release|Any CPU.ActiveCfg = Release|Any CPU
		{37D55AC1-BDAE-4C0C-8856-8867FE772B2B}.Release|Any CPU.Build.0 = Release|Any CPU
		{EDBAD6B6-CDF0-4227-A7AF-63F91A3A7321}.Debug|Any CPU.ActiveCfg = Debug|Any CPU
		{EDBAD6B6-CDF0-4227-A7AF-63F91A3A7321}.Debug|Any CPU.Build.0 = Debug|Any CPU
		{EDBAD6B6-CDF0-4227-A7AF-63F91A3A7321}.Release|Any CPU.ActiveCfg = Release|Any CPU
		{EDBAD6B6-CDF0-4227-A7AF-63F91A3A7321}.Release|Any CPU.Build.0 = Release|Any CPU
		{CB9BE647-9B8B-44EF-8D68-01DCDCAA2AEE}.Debug|Any CPU.ActiveCfg = Release|Any CPU
		{CB9BE647-9B8B-44EF-8D68-01DCDCAA2AEE}.Debug|Any CPU.Build.0 = Release|Any CPU
		{CB9BE647-9B8B-44EF-8D68-01DCDCAA2AEE}.Release|Any CPU.ActiveCfg = Release|Any CPU
		{CB9BE647-9B8B-44EF-8D68-01DCDCAA2AEE}.Release|Any CPU.Build.0 = Release|Any CPU
		{20715EEB-6DF6-4A43-BF10-D7D0D4A39017}.Debug|Any CPU.ActiveCfg = Debug|Any CPU
		{20715EEB-6DF6-4A43-BF10-D7D0D4A39017}.Debug|Any CPU.Build.0 = Debug|Any CPU
		{20715EEB-6DF6-4A43-BF10-D7D0D4A39017}.Release|Any CPU.ActiveCfg = Release|Any CPU
		{20715EEB-6DF6-4A43-BF10-D7D0D4A39017}.Release|Any CPU.Build.0 = Release|Any CPU
		{FE74FE0D-25FB-4DE3-BCCF-7028C28C49A2}.Debug|Any CPU.ActiveCfg = Debug|Any CPU
		{FE74FE0D-25FB-4DE3-BCCF-7028C28C49A2}.Debug|Any CPU.Build.0 = Debug|Any CPU
		{FE74FE0D-25FB-4DE3-BCCF-7028C28C49A2}.Release|Any CPU.ActiveCfg = Release|Any CPU
		{FE74FE0D-25FB-4DE3-BCCF-7028C28C49A2}.Release|Any CPU.Build.0 = Release|Any CPU
		{C61E5F15-CB1F-4BAE-B28D-EC01ED9EF681}.Debug|Any CPU.ActiveCfg = Release|Any CPU
		{C61E5F15-CB1F-4BAE-B28D-EC01ED9EF681}.Debug|Any CPU.Build.0 = Release|Any CPU
		{C61E5F15-CB1F-4BAE-B28D-EC01ED9EF681}.Release|Any CPU.ActiveCfg = Release|Any CPU
		{C61E5F15-CB1F-4BAE-B28D-EC01ED9EF681}.Release|Any CPU.Build.0 = Release|Any CPU
		{DFB171DC-7857-4172-A458-95A251AEAB21}.Debug|Any CPU.ActiveCfg = Debug|Any CPU
		{DFB171DC-7857-4172-A458-95A251AEAB21}.Debug|Any CPU.Build.0 = Debug|Any CPU
		{DFB171DC-7857-4172-A458-95A251AEAB21}.Release|Any CPU.ActiveCfg = Release|Any CPU
		{DFB171DC-7857-4172-A458-95A251AEAB21}.Release|Any CPU.Build.0 = Release|Any CPU
		{EFD53C89-AC2A-4111-A32A-C49C9B5B0A48}.Debug|Any CPU.ActiveCfg = Debug|Any CPU
		{EFD53C89-AC2A-4111-A32A-C49C9B5B0A48}.Debug|Any CPU.Build.0 = Debug|Any CPU
		{EFD53C89-AC2A-4111-A32A-C49C9B5B0A48}.Release|Any CPU.ActiveCfg = Release|Any CPU
		{EFD53C89-AC2A-4111-A32A-C49C9B5B0A48}.Release|Any CPU.Build.0 = Release|Any CPU
		{BCAE564B-8D06-4D7F-866E-EF9E10B27FE0}.Debug|Any CPU.ActiveCfg = Debug|Any CPU
		{BCAE564B-8D06-4D7F-866E-EF9E10B27FE0}.Debug|Any CPU.Build.0 = Debug|Any CPU
		{BCAE564B-8D06-4D7F-866E-EF9E10B27FE0}.Release|Any CPU.ActiveCfg = Release|Any CPU
		{BCAE564B-8D06-4D7F-866E-EF9E10B27FE0}.Release|Any CPU.Build.0 = Release|Any CPU
		{0C31C7C2-586F-4F67-8225-1C09E816695B}.Debug|Any CPU.ActiveCfg = Debug|Any CPU
		{0C31C7C2-586F-4F67-8225-1C09E816695B}.Debug|Any CPU.Build.0 = Debug|Any CPU
		{0C31C7C2-586F-4F67-8225-1C09E816695B}.Release|Any CPU.ActiveCfg = Release|Any CPU
		{0C31C7C2-586F-4F67-8225-1C09E816695B}.Release|Any CPU.Build.0 = Release|Any CPU
		{D93CC3AE-060C-4095-94EA-1944A916547E}.Debug|Any CPU.ActiveCfg = Debug|Any CPU
		{D93CC3AE-060C-4095-94EA-1944A916547E}.Debug|Any CPU.Build.0 = Debug|Any CPU
		{D93CC3AE-060C-4095-94EA-1944A916547E}.Release|Any CPU.ActiveCfg = Release|Any CPU
		{D93CC3AE-060C-4095-94EA-1944A916547E}.Release|Any CPU.Build.0 = Release|Any CPU
		{7E9C7EB0-BE4C-486F-A46B-60225851D953}.Debug|Any CPU.ActiveCfg = Release|Any CPU
		{7E9C7EB0-BE4C-486F-A46B-60225851D953}.Debug|Any CPU.Build.0 = Release|Any CPU
		{7E9C7EB0-BE4C-486F-A46B-60225851D953}.Release|Any CPU.ActiveCfg = Release|Any CPU
		{7E9C7EB0-BE4C-486F-A46B-60225851D953}.Release|Any CPU.Build.0 = Release|Any CPU
		{EB999655-75E6-4C02-B3A3-B45DDF7260A6}.Debug|Any CPU.ActiveCfg = Debug|Any CPU
		{EB999655-75E6-4C02-B3A3-B45DDF7260A6}.Debug|Any CPU.Build.0 = Debug|Any CPU
		{EB999655-75E6-4C02-B3A3-B45DDF7260A6}.Release|Any CPU.ActiveCfg = Release|Any CPU
		{EB999655-75E6-4C02-B3A3-B45DDF7260A6}.Release|Any CPU.Build.0 = Release|Any CPU
		{1794F5B1-762E-40D2-A314-040487DEEFE2}.Debug|Any CPU.ActiveCfg = Debug|Any CPU
		{1794F5B1-762E-40D2-A314-040487DEEFE2}.Debug|Any CPU.Build.0 = Debug|Any CPU
		{1794F5B1-762E-40D2-A314-040487DEEFE2}.Release|Any CPU.ActiveCfg = Release|Any CPU
		{1794F5B1-762E-40D2-A314-040487DEEFE2}.Release|Any CPU.Build.0 = Release|Any CPU
		{1A669EF4-303D-40EE-8781-FE0C57A5DD49}.Debug|Any CPU.ActiveCfg = Debug|Any CPU
		{1A669EF4-303D-40EE-8781-FE0C57A5DD49}.Debug|Any CPU.Build.0 = Debug|Any CPU
		{1A669EF4-303D-40EE-8781-FE0C57A5DD49}.Release|Any CPU.ActiveCfg = Release|Any CPU
		{1A669EF4-303D-40EE-8781-FE0C57A5DD49}.Release|Any CPU.Build.0 = Release|Any CPU
	EndGlobalSection
	GlobalSection(SolutionProperties) = preSolution
		HideSolutionNode = FALSE
	EndGlobalSection
	GlobalSection(NestedProjects) = preSolution
		{37D55AC1-BDAE-4C0C-8856-8867FE772B2B} = {2929C4FB-1D13-4E62-BA80-357913ED629D}
		{EDBAD6B6-CDF0-4227-A7AF-63F91A3A7321} = {58D96D64-D599-4B4B-BED7-129EC9464D40}
		{FE74FE0D-25FB-4DE3-BCCF-7028C28C49A2} = {58D96D64-D599-4B4B-BED7-129EC9464D40}
		{BCAE564B-8D06-4D7F-866E-EF9E10B27FE0} = {58D96D64-D599-4B4B-BED7-129EC9464D40}
		{0C31C7C2-586F-4F67-8225-1C09E816695B} = {58D96D64-D599-4B4B-BED7-129EC9464D40}
		{EB999655-75E6-4C02-B3A3-B45DDF7260A6} = {58D96D64-D599-4B4B-BED7-129EC9464D40}
		{20715EEB-6DF6-4A43-BF10-D7D0D4A39017} = {17998507-7BB4-45ED-ACA1-947F784C0C28}
		{DFB171DC-7857-4172-A458-95A251AEAB21} = {17998507-7BB4-45ED-ACA1-947F784C0C28}
		{EFD53C89-AC2A-4111-A32A-C49C9B5B0A48} = {17998507-7BB4-45ED-ACA1-947F784C0C28}
		{D93CC3AE-060C-4095-94EA-1944A916547E} = {17998507-7BB4-45ED-ACA1-947F784C0C28}
		{1794F5B1-762E-40D2-A314-040487DEEFE2} = {17998507-7BB4-45ED-ACA1-947F784C0C28}
		{1A669EF4-303D-40EE-8781-FE0C57A5DD49} = {17998507-7BB4-45ED-ACA1-947F784C0C28}
		{7E9C7EB0-BE4C-486F-A46B-60225851D953} = {0CA08B3B-E1FA-4CE2-9B4F-2CA2C27CC2A8}
	EndGlobalSection
EndGlobal
