
Microsoft Visual Studio Solution File, Format Version 11.00
# Visual Studio 2010
Project("{FAE04EC0-301F-11D3-BF4B-00C04F79EFBC}") = "WPFClient", "WPFClient\WPFClient.csproj", "{1A669EF4-303D-40EE-8781-FE0C57A5DD49}"
	ProjectSection(ProjectDependencies) = postProject
		{FE74FE0D-25FB-4DE3-BCCF-7028C28C49A2} = {FE74FE0D-25FB-4DE3-BCCF-7028C28C49A2}
	EndProjectSection
EndProject
Project("{FAE04EC0-301F-11D3-BF4B-00C04F79EFBC}") = "Server", "Server\Server.csproj", "{FE74FE0D-25FB-4DE3-BCCF-7028C28C49A2}"
EndProject
Project("{FAE04EC0-301F-11D3-BF4B-00C04F79EFBC}") = "Common", "Common\Common.csproj", "{37D55AC1-BDAE-4C0C-8856-8867FE772B2B}"
EndProject
Project("{FAE04EC0-301F-11D3-BF4B-00C04F79EFBC}") = "ServerBase", "ServerBase\ServerBase.csproj", "{0C31C7C2-586F-4F67-8225-1C09E816695B}"
EndProject
Project("{FAE04EC0-301F-11D3-BF4B-00C04F79EFBC}") = "MyArea", "MyArea\MyArea.csproj", "{EDBAD6B6-CDF0-4227-A7AF-63F91A3A7321}"
EndProject
Project("{FAE04EC0-301F-11D3-BF4B-00C04F79EFBC}") = "WPFClientControls", "WPFClientControls\WPFClientControls.csproj", "{994FA20F-F963-4847-BFE7-4EC2A256CE71}"
EndProject
Project("{FAE04EC0-301F-11D3-BF4B-00C04F79EFBC}") = "MemoryMappedLog", "MemoryMappedLog\MemoryMappedLog.csproj", "{CB9BE647-9B8B-44EF-8D68-01DCDCAA2AEE}"
EndProject
Project("{FAE04EC0-301F-11D3-BF4B-00C04F79EFBC}") = "LogViewer", "LogViewer\LogViewer.csproj", "{8D34FF97-3C49-403C-BAAE-B81020947031}"
EndProject
Project("{FAE04EC0-301F-11D3-BF4B-00C04F79EFBC}") = "Win32", "Win32\Win32.csproj", "{20715EEB-6DF6-4A43-BF10-D7D0D4A39017}"
EndProject
Project("{2150E333-8FDC-42A3-9474-1A3956D46DE8}") = "Server", "Server", "{58D96D64-D599-4B4B-BED7-129EC9464D40}"
EndProject
Project("{2150E333-8FDC-42A3-9474-1A3956D46DE8}") = "Client", "Client", "{17998507-7BB4-45ED-ACA1-947F784C0C28}"
EndProject
Project("{2150E333-8FDC-42A3-9474-1A3956D46DE8}") = "Common", "Common", "{2929C4FB-1D13-4E62-BA80-357913ED629D}"
EndProject
Project("{2150E333-8FDC-42A3-9474-1A3956D46DE8}") = "Tests", "Tests", "{6C609D45-7538-4F02-9258-338C8FE815A9}"
EndProject
Project("{FAE04EC0-301F-11D3-BF4B-00C04F79EFBC}") = "NetSerializer", "NetSerializer\NetSerializer.csproj", "{C61E5F15-CB1F-4BAE-B28D-EC01ED9EF681}"
EndProject
Project("{FAE04EC0-301F-11D3-BF4B-00C04F79EFBC}") = "AStarTest", "Tests\AStarTest\AStarTest.csproj", "{7780AA39-EF69-4343-B023-AE335191AD17}"
EndProject
Project("{FAE04EC0-301F-11D3-BF4B-00C04F79EFBC}") = "PerfTest", "Tests\PerfTest\PerfTest.csproj", "{7E9C7EB0-BE4C-486F-A46B-60225851D953}"
EndProject
Project("{FAE04EC0-301F-11D3-BF4B-00C04F79EFBC}") = "SerializerTest", "Tests\SerializerTest\SerializerTest.csproj", "{09EA7D9F-F793-4AED-8B94-86995B57E7B0}"
EndProject
Project("{FAE04EC0-301F-11D3-BF4B-00C04F79EFBC}") = "TerrainGenTest", "Tests\TerrainGenTest\TerrainGenTest.csproj", "{D5D4817A-C9B6-4B4A-ADAD-70D653B87EDC}"
EndProject
Project("{FAE04EC0-301F-11D3-BF4B-00C04F79EFBC}") = "WPFMapControlTest", "Tests\WPFMapControlTest\WPFMapControlTest.csproj", "{52C1CC46-CA65-432D-8568-C5AA6954EC59}"
EndProject
Project("{FAE04EC0-301F-11D3-BF4B-00C04F79EFBC}") = "NetTest", "Tests\NetTest\NetTest.csproj", "{645BB79A-BAB3-4A64-B20E-DFA8C9AEF942}"
EndProject
Global
	GlobalSection(SolutionConfigurationPlatforms) = preSolution
		Debug|Any CPU = Debug|Any CPU
		Debug|x86 = Debug|x86
		Release|Any CPU = Release|Any CPU
		Release|x86 = Release|x86
	EndGlobalSection
	GlobalSection(ProjectConfigurationPlatforms) = postSolution
		{1A669EF4-303D-40EE-8781-FE0C57A5DD49}.Debug|Any CPU.ActiveCfg = Debug|Any CPU
		{1A669EF4-303D-40EE-8781-FE0C57A5DD49}.Debug|Any CPU.Build.0 = Debug|Any CPU
		{1A669EF4-303D-40EE-8781-FE0C57A5DD49}.Debug|x86.ActiveCfg = Debug|x86
		{1A669EF4-303D-40EE-8781-FE0C57A5DD49}.Debug|x86.Build.0 = Debug|x86
		{1A669EF4-303D-40EE-8781-FE0C57A5DD49}.Release|Any CPU.ActiveCfg = Release|Any CPU
		{1A669EF4-303D-40EE-8781-FE0C57A5DD49}.Release|Any CPU.Build.0 = Release|Any CPU
		{1A669EF4-303D-40EE-8781-FE0C57A5DD49}.Release|x86.ActiveCfg = Release|x86
		{1A669EF4-303D-40EE-8781-FE0C57A5DD49}.Release|x86.Build.0 = Release|x86
		{FE74FE0D-25FB-4DE3-BCCF-7028C28C49A2}.Debug|Any CPU.ActiveCfg = Debug|Any CPU
		{FE74FE0D-25FB-4DE3-BCCF-7028C28C49A2}.Debug|Any CPU.Build.0 = Debug|Any CPU
		{FE74FE0D-25FB-4DE3-BCCF-7028C28C49A2}.Debug|x86.ActiveCfg = Debug|x86
		{FE74FE0D-25FB-4DE3-BCCF-7028C28C49A2}.Debug|x86.Build.0 = Debug|x86
		{FE74FE0D-25FB-4DE3-BCCF-7028C28C49A2}.Release|Any CPU.ActiveCfg = Release|Any CPU
		{FE74FE0D-25FB-4DE3-BCCF-7028C28C49A2}.Release|Any CPU.Build.0 = Release|Any CPU
		{FE74FE0D-25FB-4DE3-BCCF-7028C28C49A2}.Release|x86.ActiveCfg = Release|x86
		{FE74FE0D-25FB-4DE3-BCCF-7028C28C49A2}.Release|x86.Build.0 = Release|x86
		{37D55AC1-BDAE-4C0C-8856-8867FE772B2B}.Debug|Any CPU.ActiveCfg = Debug|Any CPU
		{37D55AC1-BDAE-4C0C-8856-8867FE772B2B}.Debug|Any CPU.Build.0 = Debug|Any CPU
		{37D55AC1-BDAE-4C0C-8856-8867FE772B2B}.Debug|x86.ActiveCfg = Debug|x86
		{37D55AC1-BDAE-4C0C-8856-8867FE772B2B}.Debug|x86.Build.0 = Debug|x86
		{37D55AC1-BDAE-4C0C-8856-8867FE772B2B}.Release|Any CPU.ActiveCfg = Release|Any CPU
		{37D55AC1-BDAE-4C0C-8856-8867FE772B2B}.Release|Any CPU.Build.0 = Release|Any CPU
		{37D55AC1-BDAE-4C0C-8856-8867FE772B2B}.Release|x86.ActiveCfg = Release|x86
		{37D55AC1-BDAE-4C0C-8856-8867FE772B2B}.Release|x86.Build.0 = Release|x86
		{0C31C7C2-586F-4F67-8225-1C09E816695B}.Debug|Any CPU.ActiveCfg = Debug|Any CPU
		{0C31C7C2-586F-4F67-8225-1C09E816695B}.Debug|Any CPU.Build.0 = Debug|Any CPU
		{0C31C7C2-586F-4F67-8225-1C09E816695B}.Debug|x86.ActiveCfg = Debug|x86
		{0C31C7C2-586F-4F67-8225-1C09E816695B}.Debug|x86.Build.0 = Debug|x86
		{0C31C7C2-586F-4F67-8225-1C09E816695B}.Release|Any CPU.ActiveCfg = Release|Any CPU
		{0C31C7C2-586F-4F67-8225-1C09E816695B}.Release|Any CPU.Build.0 = Release|Any CPU
		{0C31C7C2-586F-4F67-8225-1C09E816695B}.Release|x86.ActiveCfg = Release|x86
		{0C31C7C2-586F-4F67-8225-1C09E816695B}.Release|x86.Build.0 = Release|x86
		{EDBAD6B6-CDF0-4227-A7AF-63F91A3A7321}.Debug|Any CPU.ActiveCfg = Debug|Any CPU
		{EDBAD6B6-CDF0-4227-A7AF-63F91A3A7321}.Debug|Any CPU.Build.0 = Debug|Any CPU
		{EDBAD6B6-CDF0-4227-A7AF-63F91A3A7321}.Debug|x86.ActiveCfg = Debug|x86
		{EDBAD6B6-CDF0-4227-A7AF-63F91A3A7321}.Debug|x86.Build.0 = Debug|x86
		{EDBAD6B6-CDF0-4227-A7AF-63F91A3A7321}.Release|Any CPU.ActiveCfg = Release|Any CPU
		{EDBAD6B6-CDF0-4227-A7AF-63F91A3A7321}.Release|Any CPU.Build.0 = Release|Any CPU
		{EDBAD6B6-CDF0-4227-A7AF-63F91A3A7321}.Release|x86.ActiveCfg = Release|x86
		{EDBAD6B6-CDF0-4227-A7AF-63F91A3A7321}.Release|x86.Build.0 = Release|x86
		{994FA20F-F963-4847-BFE7-4EC2A256CE71}.Debug|Any CPU.ActiveCfg = Debug|Any CPU
		{994FA20F-F963-4847-BFE7-4EC2A256CE71}.Debug|Any CPU.Build.0 = Debug|Any CPU
		{994FA20F-F963-4847-BFE7-4EC2A256CE71}.Debug|x86.ActiveCfg = Debug|x86
		{994FA20F-F963-4847-BFE7-4EC2A256CE71}.Debug|x86.Build.0 = Debug|x86
		{994FA20F-F963-4847-BFE7-4EC2A256CE71}.Release|Any CPU.ActiveCfg = Release|Any CPU
		{994FA20F-F963-4847-BFE7-4EC2A256CE71}.Release|Any CPU.Build.0 = Release|Any CPU
		{994FA20F-F963-4847-BFE7-4EC2A256CE71}.Release|x86.ActiveCfg = Release|x86
		{994FA20F-F963-4847-BFE7-4EC2A256CE71}.Release|x86.Build.0 = Release|x86
		{CB9BE647-9B8B-44EF-8D68-01DCDCAA2AEE}.Debug|Any CPU.ActiveCfg = Debug|Any CPU
		{CB9BE647-9B8B-44EF-8D68-01DCDCAA2AEE}.Debug|x86.ActiveCfg = Debug|x86
		{CB9BE647-9B8B-44EF-8D68-01DCDCAA2AEE}.Debug|x86.Build.0 = Debug|x86
		{CB9BE647-9B8B-44EF-8D68-01DCDCAA2AEE}.Release|Any CPU.ActiveCfg = Release|Any CPU
		{CB9BE647-9B8B-44EF-8D68-01DCDCAA2AEE}.Release|Any CPU.Build.0 = Release|Any CPU
		{CB9BE647-9B8B-44EF-8D68-01DCDCAA2AEE}.Release|x86.ActiveCfg = Release|x86
		{CB9BE647-9B8B-44EF-8D68-01DCDCAA2AEE}.Release|x86.Build.0 = Release|x86
		{8D34FF97-3C49-403C-BAAE-B81020947031}.Debug|Any CPU.ActiveCfg = Debug|Any CPU
		{8D34FF97-3C49-403C-BAAE-B81020947031}.Debug|Any CPU.Build.0 = Debug|Any CPU
		{8D34FF97-3C49-403C-BAAE-B81020947031}.Debug|x86.ActiveCfg = Debug|x86
		{8D34FF97-3C49-403C-BAAE-B81020947031}.Debug|x86.Build.0 = Debug|x86
		{8D34FF97-3C49-403C-BAAE-B81020947031}.Release|Any CPU.ActiveCfg = Release|Any CPU
		{8D34FF97-3C49-403C-BAAE-B81020947031}.Release|Any CPU.Build.0 = Release|Any CPU
		{8D34FF97-3C49-403C-BAAE-B81020947031}.Release|x86.ActiveCfg = Release|x86
		{8D34FF97-3C49-403C-BAAE-B81020947031}.Release|x86.Build.0 = Release|x86
		{20715EEB-6DF6-4A43-BF10-D7D0D4A39017}.Debug|Any CPU.ActiveCfg = Debug|Any CPU
		{20715EEB-6DF6-4A43-BF10-D7D0D4A39017}.Debug|Any CPU.Build.0 = Debug|Any CPU
		{20715EEB-6DF6-4A43-BF10-D7D0D4A39017}.Debug|x86.ActiveCfg = Debug|x86
		{20715EEB-6DF6-4A43-BF10-D7D0D4A39017}.Debug|x86.Build.0 = Debug|x86
		{20715EEB-6DF6-4A43-BF10-D7D0D4A39017}.Release|Any CPU.ActiveCfg = Release|Any CPU
		{20715EEB-6DF6-4A43-BF10-D7D0D4A39017}.Release|Any CPU.Build.0 = Release|Any CPU
		{20715EEB-6DF6-4A43-BF10-D7D0D4A39017}.Release|x86.ActiveCfg = Release|x86
		{20715EEB-6DF6-4A43-BF10-D7D0D4A39017}.Release|x86.Build.0 = Release|x86
		{C61E5F15-CB1F-4BAE-B28D-EC01ED9EF681}.Debug|Any CPU.ActiveCfg = Debug|Any CPU
		{C61E5F15-CB1F-4BAE-B28D-EC01ED9EF681}.Debug|Any CPU.Build.0 = Debug|Any CPU
		{C61E5F15-CB1F-4BAE-B28D-EC01ED9EF681}.Debug|x86.ActiveCfg = Debug|x86
		{C61E5F15-CB1F-4BAE-B28D-EC01ED9EF681}.Debug|x86.Build.0 = Debug|x86
		{C61E5F15-CB1F-4BAE-B28D-EC01ED9EF681}.Release|Any CPU.ActiveCfg = Release|Any CPU
		{C61E5F15-CB1F-4BAE-B28D-EC01ED9EF681}.Release|Any CPU.Build.0 = Release|Any CPU
		{C61E5F15-CB1F-4BAE-B28D-EC01ED9EF681}.Release|x86.ActiveCfg = Release|x86
		{C61E5F15-CB1F-4BAE-B28D-EC01ED9EF681}.Release|x86.Build.0 = Release|x86
		{7780AA39-EF69-4343-B023-AE335191AD17}.Debug|Any CPU.ActiveCfg = Debug|Any CPU
		{7780AA39-EF69-4343-B023-AE335191AD17}.Debug|x86.ActiveCfg = Debug|x86
		{7780AA39-EF69-4343-B023-AE335191AD17}.Debug|x86.Build.0 = Debug|x86
		{7780AA39-EF69-4343-B023-AE335191AD17}.Release|Any CPU.ActiveCfg = Release|Any CPU
		{7780AA39-EF69-4343-B023-AE335191AD17}.Release|Any CPU.Build.0 = Release|Any CPU
		{7780AA39-EF69-4343-B023-AE335191AD17}.Release|x86.ActiveCfg = Release|x86
		{7780AA39-EF69-4343-B023-AE335191AD17}.Release|x86.Build.0 = Release|x86
		{7E9C7EB0-BE4C-486F-A46B-60225851D953}.Debug|Any CPU.ActiveCfg = Debug|Any CPU
		{7E9C7EB0-BE4C-486F-A46B-60225851D953}.Debug|x86.ActiveCfg = Debug|x86
		{7E9C7EB0-BE4C-486F-A46B-60225851D953}.Debug|x86.Build.0 = Debug|x86
		{7E9C7EB0-BE4C-486F-A46B-60225851D953}.Release|Any CPU.ActiveCfg = Release|Any CPU
		{7E9C7EB0-BE4C-486F-A46B-60225851D953}.Release|Any CPU.Build.0 = Release|Any CPU
		{7E9C7EB0-BE4C-486F-A46B-60225851D953}.Release|x86.ActiveCfg = Release|x86
		{7E9C7EB0-BE4C-486F-A46B-60225851D953}.Release|x86.Build.0 = Release|x86
		{09EA7D9F-F793-4AED-8B94-86995B57E7B0}.Debug|Any CPU.ActiveCfg = Debug|Any CPU
		{09EA7D9F-F793-4AED-8B94-86995B57E7B0}.Debug|x86.ActiveCfg = Debug|x86
		{09EA7D9F-F793-4AED-8B94-86995B57E7B0}.Debug|x86.Build.0 = Debug|x86
		{09EA7D9F-F793-4AED-8B94-86995B57E7B0}.Release|Any CPU.ActiveCfg = Release|Any CPU
		{09EA7D9F-F793-4AED-8B94-86995B57E7B0}.Release|Any CPU.Build.0 = Release|Any CPU
		{09EA7D9F-F793-4AED-8B94-86995B57E7B0}.Release|x86.ActiveCfg = Release|x86
		{09EA7D9F-F793-4AED-8B94-86995B57E7B0}.Release|x86.Build.0 = Release|x86
		{D5D4817A-C9B6-4B4A-ADAD-70D653B87EDC}.Debug|Any CPU.ActiveCfg = Debug|Any CPU
		{D5D4817A-C9B6-4B4A-ADAD-70D653B87EDC}.Debug|x86.ActiveCfg = Debug|x86
		{D5D4817A-C9B6-4B4A-ADAD-70D653B87EDC}.Debug|x86.Build.0 = Debug|x86
		{D5D4817A-C9B6-4B4A-ADAD-70D653B87EDC}.Release|Any CPU.ActiveCfg = Release|Any CPU
		{D5D4817A-C9B6-4B4A-ADAD-70D653B87EDC}.Release|Any CPU.Build.0 = Release|Any CPU
		{D5D4817A-C9B6-4B4A-ADAD-70D653B87EDC}.Release|x86.ActiveCfg = Release|x86
		{D5D4817A-C9B6-4B4A-ADAD-70D653B87EDC}.Release|x86.Build.0 = Release|x86
		{52C1CC46-CA65-432D-8568-C5AA6954EC59}.Debug|Any CPU.ActiveCfg = Debug|Any CPU
		{52C1CC46-CA65-432D-8568-C5AA6954EC59}.Debug|Any CPU.Build.0 = Debug|Any CPU
		{52C1CC46-CA65-432D-8568-C5AA6954EC59}.Debug|x86.ActiveCfg = Debug|x86
		{52C1CC46-CA65-432D-8568-C5AA6954EC59}.Debug|x86.Build.0 = Debug|x86
		{52C1CC46-CA65-432D-8568-C5AA6954EC59}.Release|Any CPU.ActiveCfg = Release|Any CPU
		{52C1CC46-CA65-432D-8568-C5AA6954EC59}.Release|Any CPU.Build.0 = Release|Any CPU
		{52C1CC46-CA65-432D-8568-C5AA6954EC59}.Release|x86.ActiveCfg = Release|x86
		{52C1CC46-CA65-432D-8568-C5AA6954EC59}.Release|x86.Build.0 = Release|x86
		{645BB79A-BAB3-4A64-B20E-DFA8C9AEF942}.Debug|Any CPU.ActiveCfg = Debug|Any CPU
		{645BB79A-BAB3-4A64-B20E-DFA8C9AEF942}.Debug|Any CPU.Build.0 = Debug|Any CPU
		{645BB79A-BAB3-4A64-B20E-DFA8C9AEF942}.Debug|x86.ActiveCfg = Debug|x86
		{645BB79A-BAB3-4A64-B20E-DFA8C9AEF942}.Debug|x86.Build.0 = Debug|x86
		{645BB79A-BAB3-4A64-B20E-DFA8C9AEF942}.Release|Any CPU.ActiveCfg = Release|x86
		{645BB79A-BAB3-4A64-B20E-DFA8C9AEF942}.Release|x86.ActiveCfg = Release|x86
		{645BB79A-BAB3-4A64-B20E-DFA8C9AEF942}.Release|x86.Build.0 = Release|x86
	EndGlobalSection
	GlobalSection(SolutionProperties) = preSolution
		HideSolutionNode = FALSE
	EndGlobalSection
	GlobalSection(NestedProjects) = preSolution
		{994FA20F-F963-4847-BFE7-4EC2A256CE71} = {17998507-7BB4-45ED-ACA1-947F784C0C28}
		{1A669EF4-303D-40EE-8781-FE0C57A5DD49} = {17998507-7BB4-45ED-ACA1-947F784C0C28}
		{0C31C7C2-586F-4F67-8225-1C09E816695B} = {58D96D64-D599-4B4B-BED7-129EC9464D40}
		{EDBAD6B6-CDF0-4227-A7AF-63F91A3A7321} = {58D96D64-D599-4B4B-BED7-129EC9464D40}
		{FE74FE0D-25FB-4DE3-BCCF-7028C28C49A2} = {58D96D64-D599-4B4B-BED7-129EC9464D40}
		{CB9BE647-9B8B-44EF-8D68-01DCDCAA2AEE} = {2929C4FB-1D13-4E62-BA80-357913ED629D}
		{20715EEB-6DF6-4A43-BF10-D7D0D4A39017} = {2929C4FB-1D13-4E62-BA80-357913ED629D}
		{37D55AC1-BDAE-4C0C-8856-8867FE772B2B} = {2929C4FB-1D13-4E62-BA80-357913ED629D}
		{C61E5F15-CB1F-4BAE-B28D-EC01ED9EF681} = {2929C4FB-1D13-4E62-BA80-357913ED629D}
		{7780AA39-EF69-4343-B023-AE335191AD17} = {6C609D45-7538-4F02-9258-338C8FE815A9}
		{7E9C7EB0-BE4C-486F-A46B-60225851D953} = {6C609D45-7538-4F02-9258-338C8FE815A9}
		{09EA7D9F-F793-4AED-8B94-86995B57E7B0} = {6C609D45-7538-4F02-9258-338C8FE815A9}
		{D5D4817A-C9B6-4B4A-ADAD-70D653B87EDC} = {6C609D45-7538-4F02-9258-338C8FE815A9}
		{52C1CC46-CA65-432D-8568-C5AA6954EC59} = {6C609D45-7538-4F02-9258-338C8FE815A9}
		{645BB79A-BAB3-4A64-B20E-DFA8C9AEF942} = {6C609D45-7538-4F02-9258-338C8FE815A9}
	EndGlobalSection
EndGlobal
