
Microsoft Visual Studio Solution File, Format Version 10.00
# Visual Studio 2008
Project("{FAE04EC0-301F-11D3-BF4B-00C04F79EFBC}") = "WPFClient", "WPFClient\WPFClient.csproj", "{1A669EF4-303D-40EE-8781-FE0C57A5DD49}"
	ProjectSection(ProjectDependencies) = postProject
		{FE74FE0D-25FB-4DE3-BCCF-7028C28C49A2} = {FE74FE0D-25FB-4DE3-BCCF-7028C28C49A2}
	EndProjectSection
EndProject
Project("{FAE04EC0-301F-11D3-BF4B-00C04F79EFBC}") = "Server", "Server\Server.csproj", "{FE74FE0D-25FB-4DE3-BCCF-7028C28C49A2}"
EndProject
Project("{FAE04EC0-301F-11D3-BF4B-00C04F79EFBC}") = "Common", "Common\Common.csproj", "{37D55AC1-BDAE-4C0C-8856-8867FE772B2B}"
EndProject
Project("{FAE04EC0-301F-11D3-BF4B-00C04F79EFBC}") = "ServerBase", "ServerBase\ServerBase.csproj", "{0C31C7C2-586F-4F67-8225-1C09E816695B}"
EndProject
Project("{FAE04EC0-301F-11D3-BF4B-00C04F79EFBC}") = "WpfPropertyGrid", "WpfPropertyGrid\WpfPropertyGrid.csproj", "{0A87FB18-F3CB-4F4B-B117-65F580EFF5F3}"
EndProject
Project("{FAE04EC0-301F-11D3-BF4B-00C04F79EFBC}") = "MyAreaData", "MyAreaData\MyAreaData.csproj", "{73280BF6-102E-4224-B477-BE6AE4875B23}"
EndProject
Project("{FAE04EC0-301F-11D3-BF4B-00C04F79EFBC}") = "MyArea", "MyArea\MyArea.csproj", "{EDBAD6B6-CDF0-4227-A7AF-63F91A3A7321}"
EndProject
Global
	GlobalSection(SolutionConfigurationPlatforms) = preSolution
		Debug|Any CPU = Debug|Any CPU
		Release|Any CPU = Release|Any CPU
	EndGlobalSection
	GlobalSection(ProjectConfigurationPlatforms) = postSolution
		{1A669EF4-303D-40EE-8781-FE0C57A5DD49}.Debug|Any CPU.ActiveCfg = Debug|Any CPU
		{1A669EF4-303D-40EE-8781-FE0C57A5DD49}.Debug|Any CPU.Build.0 = Debug|Any CPU
		{1A669EF4-303D-40EE-8781-FE0C57A5DD49}.Release|Any CPU.ActiveCfg = Release|Any CPU
		{1A669EF4-303D-40EE-8781-FE0C57A5DD49}.Release|Any CPU.Build.0 = Release|Any CPU
		{FE74FE0D-25FB-4DE3-BCCF-7028C28C49A2}.Debug|Any CPU.ActiveCfg = Debug|Any CPU
		{FE74FE0D-25FB-4DE3-BCCF-7028C28C49A2}.Debug|Any CPU.Build.0 = Debug|Any CPU
		{FE74FE0D-25FB-4DE3-BCCF-7028C28C49A2}.Release|Any CPU.ActiveCfg = Release|Any CPU
		{FE74FE0D-25FB-4DE3-BCCF-7028C28C49A2}.Release|Any CPU.Build.0 = Release|Any CPU
		{37D55AC1-BDAE-4C0C-8856-8867FE772B2B}.Debug|Any CPU.ActiveCfg = Debug|Any CPU
		{37D55AC1-BDAE-4C0C-8856-8867FE772B2B}.Debug|Any CPU.Build.0 = Debug|Any CPU
		{37D55AC1-BDAE-4C0C-8856-8867FE772B2B}.Release|Any CPU.ActiveCfg = Release|Any CPU
		{37D55AC1-BDAE-4C0C-8856-8867FE772B2B}.Release|Any CPU.Build.0 = Release|Any CPU
		{0C31C7C2-586F-4F67-8225-1C09E816695B}.Debug|Any CPU.ActiveCfg = Debug|Any CPU
		{0C31C7C2-586F-4F67-8225-1C09E816695B}.Debug|Any CPU.Build.0 = Debug|Any CPU
		{0C31C7C2-586F-4F67-8225-1C09E816695B}.Release|Any CPU.ActiveCfg = Release|Any CPU
		{0C31C7C2-586F-4F67-8225-1C09E816695B}.Release|Any CPU.Build.0 = Release|Any CPU
		{0A87FB18-F3CB-4F4B-B117-65F580EFF5F3}.Debug|Any CPU.ActiveCfg = Debug|Any CPU
		{0A87FB18-F3CB-4F4B-B117-65F580EFF5F3}.Debug|Any CPU.Build.0 = Debug|Any CPU
		{0A87FB18-F3CB-4F4B-B117-65F580EFF5F3}.Release|Any CPU.ActiveCfg = Release|Any CPU
		{0A87FB18-F3CB-4F4B-B117-65F580EFF5F3}.Release|Any CPU.Build.0 = Release|Any CPU
		{73280BF6-102E-4224-B477-BE6AE4875B23}.Debug|Any CPU.ActiveCfg = Debug|Any CPU
		{73280BF6-102E-4224-B477-BE6AE4875B23}.Debug|Any CPU.Build.0 = Debug|Any CPU
		{73280BF6-102E-4224-B477-BE6AE4875B23}.Release|Any CPU.ActiveCfg = Release|Any CPU
		{73280BF6-102E-4224-B477-BE6AE4875B23}.Release|Any CPU.Build.0 = Release|Any CPU
		{EDBAD6B6-CDF0-4227-A7AF-63F91A3A7321}.Debug|Any CPU.ActiveCfg = Debug|Any CPU
		{EDBAD6B6-CDF0-4227-A7AF-63F91A3A7321}.Debug|Any CPU.Build.0 = Debug|Any CPU
		{EDBAD6B6-CDF0-4227-A7AF-63F91A3A7321}.Release|Any CPU.ActiveCfg = Release|Any CPU
		{EDBAD6B6-CDF0-4227-A7AF-63F91A3A7321}.Release|Any CPU.Build.0 = Release|Any CPU
	EndGlobalSection
	GlobalSection(SolutionProperties) = preSolution
		HideSolutionNode = FALSE
	EndGlobalSection
EndGlobal
