
Microsoft Visual Studio Solution File, Format Version 11.00
# Visual Studio 2010
Project("{FAE04EC0-301F-11D3-BF4B-00C04F79EFBC}") = "PerfTest", "PerfTest\PerfTest.csproj", "{7E9C7EB0-BE4C-486F-A46B-60225851D953}"
EndProject
Project("{FAE04EC0-301F-11D3-BF4B-00C04F79EFBC}") = "TerrainGenTest", "TerrainGenTest\TerrainGenTest.csproj", "{D5D4817A-C9B6-4B4A-ADAD-70D653B87EDC}"
EndProject
Project("{FAE04EC0-301F-11D3-BF4B-00C04F79EFBC}") = "Common", "..\Common\Common.csproj", "{37D55AC1-BDAE-4C0C-8856-8867FE772B2B}"
EndProject
Project("{FAE04EC0-301F-11D3-BF4B-00C04F79EFBC}") = "MMLog", "..\MemoryMappedLog\MMLog\MMLog.csproj", "{CB9BE647-9B8B-44EF-8D68-01DCDCAA2AEE}"
EndProject
Project("{FAE04EC0-301F-11D3-BF4B-00C04F79EFBC}") = "NetSerializer", "..\NetSerializer\NetSerializer\NetSerializer.csproj", "{85A11D07-8D18-42D5-ACCF-EF9744EFE825}"
EndProject
Global
	GlobalSection(SolutionConfigurationPlatforms) = preSolution
		Debug|Any CPU = Debug|Any CPU
		Debug|x86 = Debug|x86
		Release|Any CPU = Release|Any CPU
		Release|x86 = Release|x86
	EndGlobalSection
	GlobalSection(ProjectConfigurationPlatforms) = postSolution
		{7E9C7EB0-BE4C-486F-A46B-60225851D953}.Debug|Any CPU.ActiveCfg = Debug|Any CPU
		{7E9C7EB0-BE4C-486F-A46B-60225851D953}.Debug|Any CPU.Build.0 = Debug|Any CPU
		{7E9C7EB0-BE4C-486F-A46B-60225851D953}.Debug|x86.ActiveCfg = Debug|Any CPU
		{7E9C7EB0-BE4C-486F-A46B-60225851D953}.Debug|x86.Build.0 = Debug|Any CPU
		{7E9C7EB0-BE4C-486F-A46B-60225851D953}.Release|Any CPU.ActiveCfg = Release|Any CPU
		{7E9C7EB0-BE4C-486F-A46B-60225851D953}.Release|Any CPU.Build.0 = Release|Any CPU
		{7E9C7EB0-BE4C-486F-A46B-60225851D953}.Release|x86.ActiveCfg = Release|x86
		{7E9C7EB0-BE4C-486F-A46B-60225851D953}.Release|x86.Build.0 = Release|x86
		{D5D4817A-C9B6-4B4A-ADAD-70D653B87EDC}.Debug|Any CPU.ActiveCfg = Debug|Any CPU
		{D5D4817A-C9B6-4B4A-ADAD-70D653B87EDC}.Debug|Any CPU.Build.0 = Debug|Any CPU
		{D5D4817A-C9B6-4B4A-ADAD-70D653B87EDC}.Debug|x86.ActiveCfg = Debug|Any CPU
		{D5D4817A-C9B6-4B4A-ADAD-70D653B87EDC}.Debug|x86.Build.0 = Debug|Any CPU
		{D5D4817A-C9B6-4B4A-ADAD-70D653B87EDC}.Release|Any CPU.ActiveCfg = Release|Any CPU
		{D5D4817A-C9B6-4B4A-ADAD-70D653B87EDC}.Release|Any CPU.Build.0 = Release|Any CPU
		{D5D4817A-C9B6-4B4A-ADAD-70D653B87EDC}.Release|x86.ActiveCfg = Release|Any CPU
		{D5D4817A-C9B6-4B4A-ADAD-70D653B87EDC}.Release|x86.Build.0 = Release|Any CPU
		{37D55AC1-BDAE-4C0C-8856-8867FE772B2B}.Debug|Any CPU.ActiveCfg = Debug|Any CPU
		{37D55AC1-BDAE-4C0C-8856-8867FE772B2B}.Debug|Any CPU.Build.0 = Debug|Any CPU
		{37D55AC1-BDAE-4C0C-8856-8867FE772B2B}.Debug|x86.ActiveCfg = Debug|Any CPU
		{37D55AC1-BDAE-4C0C-8856-8867FE772B2B}.Debug|x86.Build.0 = Debug|Any CPU
		{37D55AC1-BDAE-4C0C-8856-8867FE772B2B}.Release|Any CPU.ActiveCfg = Release|Any CPU
		{37D55AC1-BDAE-4C0C-8856-8867FE772B2B}.Release|Any CPU.Build.0 = Release|Any CPU
		{37D55AC1-BDAE-4C0C-8856-8867FE772B2B}.Release|x86.ActiveCfg = Release|Any CPU
		{37D55AC1-BDAE-4C0C-8856-8867FE772B2B}.Release|x86.Build.0 = Release|Any CPU
		{CB9BE647-9B8B-44EF-8D68-01DCDCAA2AEE}.Debug|Any CPU.ActiveCfg = Debug|Any CPU
		{CB9BE647-9B8B-44EF-8D68-01DCDCAA2AEE}.Debug|Any CPU.Build.0 = Debug|Any CPU
		{CB9BE647-9B8B-44EF-8D68-01DCDCAA2AEE}.Debug|x86.ActiveCfg = Debug|Any CPU
		{CB9BE647-9B8B-44EF-8D68-01DCDCAA2AEE}.Debug|x86.Build.0 = Debug|Any CPU
		{CB9BE647-9B8B-44EF-8D68-01DCDCAA2AEE}.Release|Any CPU.ActiveCfg = Release|Any CPU
		{CB9BE647-9B8B-44EF-8D68-01DCDCAA2AEE}.Release|Any CPU.Build.0 = Release|Any CPU
		{CB9BE647-9B8B-44EF-8D68-01DCDCAA2AEE}.Release|x86.ActiveCfg = Release|Any CPU
		{CB9BE647-9B8B-44EF-8D68-01DCDCAA2AEE}.Release|x86.Build.0 = Release|Any CPU
		{85A11D07-8D18-42D5-ACCF-EF9744EFE825}.Debug|Any CPU.ActiveCfg = Debug|Any CPU
		{85A11D07-8D18-42D5-ACCF-EF9744EFE825}.Debug|Any CPU.Build.0 = Debug|Any CPU
		{85A11D07-8D18-42D5-ACCF-EF9744EFE825}.Debug|x86.ActiveCfg = Debug|Any CPU
		{85A11D07-8D18-42D5-ACCF-EF9744EFE825}.Debug|x86.Build.0 = Debug|Any CPU
		{85A11D07-8D18-42D5-ACCF-EF9744EFE825}.Release|Any CPU.ActiveCfg = Release|Any CPU
		{85A11D07-8D18-42D5-ACCF-EF9744EFE825}.Release|Any CPU.Build.0 = Release|Any CPU
		{85A11D07-8D18-42D5-ACCF-EF9744EFE825}.Release|x86.ActiveCfg = Release|Any CPU
		{85A11D07-8D18-42D5-ACCF-EF9744EFE825}.Release|x86.Build.0 = Release|Any CPU
	EndGlobalSection
	GlobalSection(SolutionProperties) = preSolution
		HideSolutionNode = FALSE
	EndGlobalSection
EndGlobal
