
Microsoft Visual Studio Solution File, Format Version 11.00
# Visual Studio 2010
Project("{FAE04EC0-301F-11D3-BF4B-00C04F79EFBC}") = "MMLog", "MMLog\MMLog.csproj", "{CB9BE647-9B8B-44EF-8D68-01DCDCAA2AEE}"
EndProject
Project("{FAE04EC0-301F-11D3-BF4B-00C04F79EFBC}") = "MMLogViewer", "MMLogViewer\MMLogViewer.csproj", "{8D34FF97-3C49-403C-BAAE-B81020947031}"
EndProject
Project("{FAE04EC0-301F-11D3-BF4B-00C04F79EFBC}") = "MMLogTest", "MMLogTest\MMLogTest.csproj", "{6CDDA285-7FD7-41E9-8530-687510134641}"
EndProject
Global
	GlobalSection(SolutionConfigurationPlatforms) = preSolution
		Debug|x64 = Debug|x64
		Debug|x86 = Debug|x86
		Release|x64 = Release|x64
		Release|x86 = Release|x86
	EndGlobalSection
	GlobalSection(ProjectConfigurationPlatforms) = postSolution
		{CB9BE647-9B8B-44EF-8D68-01DCDCAA2AEE}.Debug|x64.ActiveCfg = Debug|x64
		{CB9BE647-9B8B-44EF-8D68-01DCDCAA2AEE}.Debug|x64.Build.0 = Debug|x64
		{CB9BE647-9B8B-44EF-8D68-01DCDCAA2AEE}.Debug|x86.ActiveCfg = Debug|x86
		{CB9BE647-9B8B-44EF-8D68-01DCDCAA2AEE}.Debug|x86.Build.0 = Debug|x86
		{CB9BE647-9B8B-44EF-8D68-01DCDCAA2AEE}.Release|x64.ActiveCfg = Release|x64
		{CB9BE647-9B8B-44EF-8D68-01DCDCAA2AEE}.Release|x64.Build.0 = Release|x64
		{CB9BE647-9B8B-44EF-8D68-01DCDCAA2AEE}.Release|x86.ActiveCfg = Release|x86
		{CB9BE647-9B8B-44EF-8D68-01DCDCAA2AEE}.Release|x86.Build.0 = Release|x86
		{8D34FF97-3C49-403C-BAAE-B81020947031}.Debug|x64.ActiveCfg = Debug|x64
		{8D34FF97-3C49-403C-BAAE-B81020947031}.Debug|x64.Build.0 = Debug|x64
		{8D34FF97-3C49-403C-BAAE-B81020947031}.Debug|x86.ActiveCfg = Debug|x86
		{8D34FF97-3C49-403C-BAAE-B81020947031}.Debug|x86.Build.0 = Debug|x86
		{8D34FF97-3C49-403C-BAAE-B81020947031}.Release|x64.ActiveCfg = Release|x64
		{8D34FF97-3C49-403C-BAAE-B81020947031}.Release|x64.Build.0 = Release|x64
		{8D34FF97-3C49-403C-BAAE-B81020947031}.Release|x86.ActiveCfg = Release|x86
		{8D34FF97-3C49-403C-BAAE-B81020947031}.Release|x86.Build.0 = Release|x86
		{6CDDA285-7FD7-41E9-8530-687510134641}.Debug|x64.ActiveCfg = Debug|x64
		{6CDDA285-7FD7-41E9-8530-687510134641}.Debug|x64.Build.0 = Debug|x64
		{6CDDA285-7FD7-41E9-8530-687510134641}.Debug|x86.ActiveCfg = Debug|x86
		{6CDDA285-7FD7-41E9-8530-687510134641}.Debug|x86.Build.0 = Debug|x86
		{6CDDA285-7FD7-41E9-8530-687510134641}.Release|x64.ActiveCfg = Release|x64
		{6CDDA285-7FD7-41E9-8530-687510134641}.Release|x64.Build.0 = Release|x64
		{6CDDA285-7FD7-41E9-8530-687510134641}.Release|x86.ActiveCfg = Release|x86
		{6CDDA285-7FD7-41E9-8530-687510134641}.Release|x86.Build.0 = Release|x86
	EndGlobalSection
	GlobalSection(SolutionProperties) = preSolution
		HideSolutionNode = FALSE
	EndGlobalSection
EndGlobal
